
Microsoft Visual Studio Solution File, Format Version 12.00
# Visual Studio Version 17
VisualStudioVersion = 17.9.34701.34
MinimumVisualStudioVersion = 10.0.40219.1
Project("{FAE04EC0-301F-11D3-BF4B-00C04F79EFBC}") = "ImageDownsizer", "ImageDownsizer\ImageDownsizer.csproj", "{2FD7BF1C-1D3D-4951-9B9D-6E9CBA2C9F32}"
EndProject
Global
	GlobalSection(SolutionConfigurationPlatforms) = preSolution
		Debug|Any CPU = Debug|Any CPU
		Release|Any CPU = Release|Any CPU
	EndGlobalSection
	GlobalSection(ProjectConfigurationPlatforms) = postSolution
		{2FD7BF1C-1D3D-4951-9B9D-6E9CBA2C9F32}.Debug|Any CPU.ActiveCfg = Debug|Any CPU
		{2FD7BF1C-1D3D-4951-9B9D-6E9CBA2C9F32}.Debug|Any CPU.Build.0 = Debug|Any CPU
		{2FD7BF1C-1D3D-4951-9B9D-6E9CBA2C9F32}.Release|Any CPU.ActiveCfg = Release|Any CPU
		{2FD7BF1C-1D3D-4951-9B9D-6E9CBA2C9F32}.Release|Any CPU.Build.0 = Release|Any CPU
	EndGlobalSection
	GlobalSection(SolutionProperties) = preSolution
		HideSolutionNode = FALSE
	EndGlobalSection
	GlobalSection(ExtensibilityGlobals) = postSolution
		SolutionGuid = {C64F7460-6F6A-46B4-B195-CF98A0F6FFAC}
	EndGlobalSection
EndGlobal
